
Microsoft Visual Studio Solution File, Format Version 12.00
# Visual Studio Version 16
VisualStudioVersion = 16.0.30717.126
MinimumVisualStudioVersion = 10.0.40219.1
Project("{9A19103F-16F7-4668-BE54-9A1E7A4F7556}") = "MqttClient", "MqttClient\MqttClient.csproj", "{409D4BF8-5623-4BEA-A8CB-821FC4CAE2FA}"
EndProject
Project("{9A19103F-16F7-4668-BE54-9A1E7A4F7556}") = "MqttServer", "MqttServer\MqttServer.csproj", "{1147E18B-AB16-45E5-A113-598946D0B0BA}"
EndProject
Project("{9A19103F-16F7-4668-BE54-9A1E7A4F7556}") = "Azure_SimulatedDevice", "Azure_SimulatedDevice\Azure_SimulatedDevice.csproj", "{9823B48C-97B6-48DB-9F66-17A9FEF3AAAB}"
EndProject
Project("{9A19103F-16F7-4668-BE54-9A1E7A4F7556}") = "Azure_MessageListener", "Azure_MessageListener\Azure_MessageListener.csproj", "{78D3A4D4-3F24-478E-A3CB-E068A5F428B9}"
EndProject
Project("{FAE04EC0-301F-11D3-BF4B-00C04F79EFBC}") = "WebApp", "WebApp\WebApp.csproj", "{F441751C-126C-4F72-A0C1-92AE50D5C46A}"
EndProject
Global
	GlobalSection(SolutionConfigurationPlatforms) = preSolution
		Debug|Any CPU = Debug|Any CPU
		Release|Any CPU = Release|Any CPU
	EndGlobalSection
	GlobalSection(ProjectConfigurationPlatforms) = postSolution
		{409D4BF8-5623-4BEA-A8CB-821FC4CAE2FA}.Debug|Any CPU.ActiveCfg = Debug|Any CPU
		{409D4BF8-5623-4BEA-A8CB-821FC4CAE2FA}.Debug|Any CPU.Build.0 = Debug|Any CPU
		{409D4BF8-5623-4BEA-A8CB-821FC4CAE2FA}.Release|Any CPU.ActiveCfg = Release|Any CPU
		{409D4BF8-5623-4BEA-A8CB-821FC4CAE2FA}.Release|Any CPU.Build.0 = Release|Any CPU
		{1147E18B-AB16-45E5-A113-598946D0B0BA}.Debug|Any CPU.ActiveCfg = Debug|Any CPU
		{1147E18B-AB16-45E5-A113-598946D0B0BA}.Debug|Any CPU.Build.0 = Debug|Any CPU
		{1147E18B-AB16-45E5-A113-598946D0B0BA}.Release|Any CPU.ActiveCfg = Release|Any CPU
		{1147E18B-AB16-45E5-A113-598946D0B0BA}.Release|Any CPU.Build.0 = Release|Any CPU
		{9823B48C-97B6-48DB-9F66-17A9FEF3AAAB}.Debug|Any CPU.ActiveCfg = Debug|Any CPU
		{9823B48C-97B6-48DB-9F66-17A9FEF3AAAB}.Debug|Any CPU.Build.0 = Debug|Any CPU
		{9823B48C-97B6-48DB-9F66-17A9FEF3AAAB}.Release|Any CPU.ActiveCfg = Release|Any CPU
		{9823B48C-97B6-48DB-9F66-17A9FEF3AAAB}.Release|Any CPU.Build.0 = Release|Any CPU
		{78D3A4D4-3F24-478E-A3CB-E068A5F428B9}.Debug|Any CPU.ActiveCfg = Debug|Any CPU
		{78D3A4D4-3F24-478E-A3CB-E068A5F428B9}.Debug|Any CPU.Build.0 = Debug|Any CPU
		{78D3A4D4-3F24-478E-A3CB-E068A5F428B9}.Release|Any CPU.ActiveCfg = Release|Any CPU
		{78D3A4D4-3F24-478E-A3CB-E068A5F428B9}.Release|Any CPU.Build.0 = Release|Any CPU
		{F441751C-126C-4F72-A0C1-92AE50D5C46A}.Debug|Any CPU.ActiveCfg = Debug|Any CPU
		{F441751C-126C-4F72-A0C1-92AE50D5C46A}.Debug|Any CPU.Build.0 = Debug|Any CPU
		{F441751C-126C-4F72-A0C1-92AE50D5C46A}.Release|Any CPU.ActiveCfg = Release|Any CPU
		{F441751C-126C-4F72-A0C1-92AE50D5C46A}.Release|Any CPU.Build.0 = Release|Any CPU
	EndGlobalSection
	GlobalSection(SolutionProperties) = preSolution
		HideSolutionNode = FALSE
	EndGlobalSection
	GlobalSection(ExtensibilityGlobals) = postSolution
		SolutionGuid = {B7D882BD-9919-4F0A-89E6-3DDDF61E4C36}
	EndGlobalSection
EndGlobal
